
Microsoft Visual Studio Solution File, Format Version 12.00
# Visual Studio Version 16
VisualStudioVersion = 16.0.29324.140
MinimumVisualStudioVersion = 10.0.40219.1
Project("{FAE04EC0-301F-11D3-BF4B-00C04F79EFBC}") = "AdventOfCode.Runner", "AdventOfCode.Runner\AdventOfCode.Runner.csproj", "{83AB6C56-9F58-4B30-98A2-9A981F526400}"
EndProject
Project("{F2A71F9B-5D33-465A-A702-920D77279786}") = "AdventOfCode.Day01", "AdventOfCode.Day01\AdventOfCode.Day01.fsproj", "{76667A44-FBC9-4664-B2FD-62813F35E859}"
EndProject
Global
	GlobalSection(SolutionConfigurationPlatforms) = preSolution
		Debug|Any CPU = Debug|Any CPU
		Release|Any CPU = Release|Any CPU
	EndGlobalSection
	GlobalSection(ProjectConfigurationPlatforms) = postSolution
		{83AB6C56-9F58-4B30-98A2-9A981F526400}.Debug|Any CPU.ActiveCfg = Debug|Any CPU
		{83AB6C56-9F58-4B30-98A2-9A981F526400}.Debug|Any CPU.Build.0 = Debug|Any CPU
		{83AB6C56-9F58-4B30-98A2-9A981F526400}.Release|Any CPU.ActiveCfg = Release|Any CPU
		{83AB6C56-9F58-4B30-98A2-9A981F526400}.Release|Any CPU.Build.0 = Release|Any CPU
		{76667A44-FBC9-4664-B2FD-62813F35E859}.Debug|Any CPU.ActiveCfg = Debug|Any CPU
		{76667A44-FBC9-4664-B2FD-62813F35E859}.Debug|Any CPU.Build.0 = Debug|Any CPU
		{76667A44-FBC9-4664-B2FD-62813F35E859}.Release|Any CPU.ActiveCfg = Release|Any CPU
		{76667A44-FBC9-4664-B2FD-62813F35E859}.Release|Any CPU.Build.0 = Release|Any CPU
	EndGlobalSection
	GlobalSection(SolutionProperties) = preSolution
		HideSolutionNode = FALSE
	EndGlobalSection
	GlobalSection(ExtensibilityGlobals) = postSolution
		SolutionGuid = {F6AFB05A-6EB5-4C4C-AAA6-D3AAA0CDCB1E}
	EndGlobalSection
EndGlobal
